
Microsoft Visual Studio Solution File, Format Version 12.00
# Visual Studio 15
Project("{FAE04EC0-301F-11D3-BF4B-00C04F79EFBC}") = "BlockPuzzle", "Assembly-CSharp.csproj", "{79AD2763-2F23-4DB8-CE9F-2B4668AC49FD}"
EndProject
Global
	GlobalSection(SolutionConfigurationPlatforms) = preSolution
		Debug|Any CPU = Debug|Any CPU
		Release|Any CPU = Release|Any CPU
	EndGlobalSection
	GlobalSection(ProjectConfigurationPlatforms) = postSolution
		{79AD2763-2F23-4DB8-CE9F-2B4668AC49FD}.Debug|Any CPU.ActiveCfg = Debug|Any CPU
		{79AD2763-2F23-4DB8-CE9F-2B4668AC49FD}.Debug|Any CPU.Build.0 = Debug|Any CPU
		{79AD2763-2F23-4DB8-CE9F-2B4668AC49FD}.Release|Any CPU.ActiveCfg = Release|Any CPU
		{79AD2763-2F23-4DB8-CE9F-2B4668AC49FD}.Release|Any CPU.Build.0 = Release|Any CPU
	EndGlobalSection
	GlobalSection(SolutionProperties) = preSolution
		HideSolutionNode = FALSE
	EndGlobalSection
EndGlobal
